// !$*UTF8*$!
{
	archiveVersion = 1;
	classes = {
	};
	objectVersion = 60;
	objects = {

/* Begin PBXBuildFile section */
		2712043A2B81584D00F618DB /* JobApp.swift in Sources */ = {isa = PBXBuildFile; fileRef = 271204392B81584D00F618DB /* JobApp.swift */; };
		2740DA302B8BD261001E2C4A /* SampleJobs.json in Resources */ = {isa = PBXBuildFile; fileRef = 2740DA2F2B8BD261001E2C4A /* SampleJobs.json */; };
		2740DA332B8BD61A001E2C4A /* Configure.swift in Sources */ = {isa = PBXBuildFile; fileRef = 2740DA322B8BD61A001E2C4A /* Configure.swift */; };
		27418FC72B8BE2E1004E078E /* Icons.xcassets in Resources */ = {isa = PBXBuildFile; fileRef = 27418FC62B8BE2E1004E078E /* Icons.xcassets */; };
		275297DF2B8BFF6F00A8B612 /* ErrorView.swift in Sources */ = {isa = PBXBuildFile; fileRef = 275297DE2B8BFF6F00A8B612 /* ErrorView.swift */; };
		275297E12B8C079300A8B612 /* Localizable.xcstrings in Resources */ = {isa = PBXBuildFile; fileRef = 275297E02B8C079300A8B612 /* Localizable.xcstrings */; };
		275297E22B8C0BF100A8B612 /* PreviewData.swift in Sources */ = {isa = PBXBuildFile; fileRef = 27D601D82B8BF190002CC59D /* PreviewData.swift */; };
		276BF9022B91251500A77A77 /* NoResultsView.swift in Sources */ = {isa = PBXBuildFile; fileRef = 276BF9012B91251500A77A77 /* NoResultsView.swift */; };
		278E36752B8E849300EAEC55 /* FiltersView.swift in Sources */ = {isa = PBXBuildFile; fileRef = 278E36742B8E849300EAEC55 /* FiltersView.swift */; };
		278E36782B8E895700EAEC55 /* Flow in Frameworks */ = {isa = PBXBuildFile; productRef = 278E36772B8E895700EAEC55 /* Flow */; };
		278E367A2B8E8F9900EAEC55 /* FiltersViewModel.swift in Sources */ = {isa = PBXBuildFile; fileRef = 278E36792B8E8F9900EAEC55 /* FiltersViewModel.swift */; };
		27C829422B8D01DE00D622C6 /* JobView.swift in Sources */ = {isa = PBXBuildFile; fileRef = 27C829412B8D01DE00D622C6 /* JobView.swift */; };
		27C829442B8DF35F00D622C6 /* JobApplicationView.swift in Sources */ = {isa = PBXBuildFile; fileRef = 27C829432B8DF35F00D622C6 /* JobApplicationView.swift */; };
		27D601D22B8BED44002CC59D /* JobsViewModel.swift in Sources */ = {isa = PBXBuildFile; fileRef = 27D601D12B8BED44002CC59D /* JobsViewModel.swift */; };
		27D601D42B8BEDDE002CC59D /* JobList.swift in Sources */ = {isa = PBXBuildFile; fileRef = 27D601D32B8BEDDE002CC59D /* JobList.swift */; };
		27D601D72B8BF114002CC59D /* JobListRow.swift in Sources */ = {isa = PBXBuildFile; fileRef = 27D601D62B8BF114002CC59D /* JobListRow.swift */; };
		27EBC5AF2B818C8700F769B1 /* JobService.swift in Sources */ = {isa = PBXBuildFile; fileRef = 27EBC5AE2B818C8700F769B1 /* JobService.swift */; };
		27EBC5B42B818E5300F769B1 /* Networking in Frameworks */ = {isa = PBXBuildFile; productRef = 27EBC5B32B818E5300F769B1 /* Networking */; };
		27EBC5B62B81905900F769B1 /* Job.swift in Sources */ = {isa = PBXBuildFile; fileRef = 27EBC5B52B81905900F769B1 /* Job.swift */; };
/* End PBXBuildFile section */

/* Begin PBXFileReference section */
		271204362B81584D00F618DB /* JobApp.app */ = {isa = PBXFileReference; explicitFileType = wrapper.application; includeInIndex = 0; path = JobApp.app; sourceTree = BUILT_PRODUCTS_DIR; };
		271204392B81584D00F618DB /* JobApp.swift */ = {isa = PBXFileReference; lastKnownFileType = sourcecode.swift; path = JobApp.swift; sourceTree = "<group>"; };
		2712043F2B81584E00F618DB /* JobApp.entitlements */ = {isa = PBXFileReference; lastKnownFileType = text.plist.entitlements; path = JobApp.entitlements; sourceTree = "<group>"; };
		2740DA2F2B8BD261001E2C4A /* SampleJobs.json */ = {isa = PBXFileReference; lastKnownFileType = text.json; path = SampleJobs.json; sourceTree = "<group>"; };
		2740DA322B8BD61A001E2C4A /* Configure.swift */ = {isa = PBXFileReference; lastKnownFileType = sourcecode.swift; path = Configure.swift; sourceTree = "<group>"; };
		27418FC62B8BE2E1004E078E /* Icons.xcassets */ = {isa = PBXFileReference; lastKnownFileType = folder.assetcatalog; path = Icons.xcassets; sourceTree = "<group>"; };
		275297DE2B8BFF6F00A8B612 /* ErrorView.swift */ = {isa = PBXFileReference; lastKnownFileType = sourcecode.swift; path = ErrorView.swift; sourceTree = "<group>"; };
		275297E02B8C079300A8B612 /* Localizable.xcstrings */ = {isa = PBXFileReference; lastKnownFileType = text.json.xcstrings; path = Localizable.xcstrings; sourceTree = "<group>"; };
		276BF9012B91251500A77A77 /* NoResultsView.swift */ = {isa = PBXFileReference; lastKnownFileType = sourcecode.swift; path = NoResultsView.swift; sourceTree = "<group>"; };
		278E36742B8E849300EAEC55 /* FiltersView.swift */ = {isa = PBXFileReference; lastKnownFileType = sourcecode.swift; path = FiltersView.swift; sourceTree = "<group>"; };
		278E36792B8E8F9900EAEC55 /* FiltersViewModel.swift */ = {isa = PBXFileReference; lastKnownFileType = sourcecode.swift; path = FiltersViewModel.swift; sourceTree = "<group>"; };
		27C829412B8D01DE00D622C6 /* JobView.swift */ = {isa = PBXFileReference; lastKnownFileType = sourcecode.swift; path = JobView.swift; sourceTree = "<group>"; };
		27C829432B8DF35F00D622C6 /* JobApplicationView.swift */ = {isa = PBXFileReference; lastKnownFileType = sourcecode.swift; path = JobApplicationView.swift; sourceTree = "<group>"; };
		27D601D12B8BED44002CC59D /* JobsViewModel.swift */ = {isa = PBXFileReference; lastKnownFileType = sourcecode.swift; path = JobsViewModel.swift; sourceTree = "<group>"; };
		27D601D32B8BEDDE002CC59D /* JobList.swift */ = {isa = PBXFileReference; lastKnownFileType = sourcecode.swift; path = JobList.swift; sourceTree = "<group>"; };
		27D601D52B8BEE89002CC59D /* Info.plist */ = {isa = PBXFileReference; lastKnownFileType = text.plist.xml; path = Info.plist; sourceTree = "<group>"; };
		27D601D62B8BF114002CC59D /* JobListRow.swift */ = {isa = PBXFileReference; lastKnownFileType = sourcecode.swift; path = JobListRow.swift; sourceTree = "<group>"; };
		27D601D82B8BF190002CC59D /* PreviewData.swift */ = {isa = PBXFileReference; lastKnownFileType = sourcecode.swift; path = PreviewData.swift; sourceTree = "<group>"; };
		27EBC5AD2B818B9100F769B1 /* Networking */ = {isa = PBXFileReference; lastKnownFileType = wrapper; path = Networking; sourceTree = "<group>"; };
		27EBC5AE2B818C8700F769B1 /* JobService.swift */ = {isa = PBXFileReference; lastKnownFileType = sourcecode.swift; path = JobService.swift; sourceTree = "<group>"; };
		27EBC5B52B81905900F769B1 /* Job.swift */ = {isa = PBXFileReference; lastKnownFileType = sourcecode.swift; path = Job.swift; sourceTree = "<group>"; };
/* End PBXFileReference section */

/* Begin PBXFrameworksBuildPhase section */
		271204332B81584D00F618DB /* Frameworks */ = {
			isa = PBXFrameworksBuildPhase;
			buildActionMask = 2147483647;
			files = (
				278E36782B8E895700EAEC55 /* Flow in Frameworks */,
				27EBC5B42B818E5300F769B1 /* Networking in Frameworks */,
			);
			runOnlyForDeploymentPostprocessing = 0;
		};
/* End PBXFrameworksBuildPhase section */

/* Begin PBXGroup section */
		271204172B81556C00F618DB = {
			isa = PBXGroup;
			children = (
				271204382B81584D00F618DB /* JobApp */,
				271204372B81584D00F618DB /* Products */,
			);
			sourceTree = "<group>";
			usesTabs = 1;
		};
		271204372B81584D00F618DB /* Products */ = {
			isa = PBXGroup;
			children = (
				271204362B81584D00F618DB /* JobApp.app */,
			);
			name = Products;
			sourceTree = "<group>";
		};
		271204382B81584D00F618DB /* JobApp */ = {
			isa = PBXGroup;
			children = (
				271204392B81584D00F618DB /* JobApp.swift */,
				27EBC5BA2B8193FF00F769B1 /* Services */,
				27D601CF2B8BED02002CC59D /* Views */,
				27EBC5B92B8193F700F769B1 /* Models */,
				27D601D02B8BED09002CC59D /* ViewModels */,
				2740DA312B8BD60E001E2C4A /* Helpers */,
				2740DA2E2B8BD22F001E2C4A /* Resources */,
				27EBC5AD2B818B9100F769B1 /* Networking */,
			);
			path = JobApp;
			sourceTree = "<group>";
		};
		2740DA2E2B8BD22F001E2C4A /* Resources */ = {
			isa = PBXGroup;
			children = (
				27D601D52B8BEE89002CC59D /* Info.plist */,
				2712043F2B81584E00F618DB /* JobApp.entitlements */,
				2740DA2F2B8BD261001E2C4A /* SampleJobs.json */,
				27418FC62B8BE2E1004E078E /* Icons.xcassets */,
				275297E02B8C079300A8B612 /* Localizable.xcstrings */,
			);
			path = Resources;
			sourceTree = "<group>";
		};
		2740DA312B8BD60E001E2C4A /* Helpers */ = {
			isa = PBXGroup;
			children = (
				2740DA322B8BD61A001E2C4A /* Configure.swift */,
				27D601D82B8BF190002CC59D /* PreviewData.swift */,
			);
			path = Helpers;
			sourceTree = "<group>";
		};
		27D601CF2B8BED02002CC59D /* Views */ = {
			isa = PBXGroup;
			children = (
				27D601D32B8BEDDE002CC59D /* JobList.swift */,
				276BF9012B91251500A77A77 /* NoResultsView.swift */,
				278E36742B8E849300EAEC55 /* FiltersView.swift */,
				27D601D62B8BF114002CC59D /* JobListRow.swift */,
				27C829412B8D01DE00D622C6 /* JobView.swift */,
				27C829432B8DF35F00D622C6 /* JobApplicationView.swift */,
				275297DE2B8BFF6F00A8B612 /* ErrorView.swift */,
			);
			path = Views;
			sourceTree = "<group>";
		};
		27D601D02B8BED09002CC59D /* ViewModels */ = {
			isa = PBXGroup;
			children = (
				27D601D12B8BED44002CC59D /* JobsViewModel.swift */,
				278E36792B8E8F9900EAEC55 /* FiltersViewModel.swift */,
			);
			path = ViewModels;
			sourceTree = "<group>";
		};
		27EBC5B92B8193F700F769B1 /* Models */ = {
			isa = PBXGroup;
			children = (
				27EBC5B52B81905900F769B1 /* Job.swift */,
			);
			path = Models;
			sourceTree = "<group>";
		};
		27EBC5BA2B8193FF00F769B1 /* Services */ = {
			isa = PBXGroup;
			children = (
				27EBC5AE2B818C8700F769B1 /* JobService.swift */,
			);
			path = Services;
			sourceTree = "<group>";
		};
/* End PBXGroup section */

/* Begin PBXNativeTarget section */
		271204352B81584D00F618DB /* JobApp */ = {
			isa = PBXNativeTarget;
			buildConfigurationList = 271204432B81584E00F618DB /* Build configuration list for PBXNativeTarget "JobApp" */;
			buildPhases = (
				271204322B81584D00F618DB /* Sources */,
				271204332B81584D00F618DB /* Frameworks */,
				271204342B81584D00F618DB /* Resources */,
				271204462B81630A00F618DB /* Lint */,
			);
			buildRules = (
			);
			dependencies = (
			);
			name = JobApp;
			packageProductDependencies = (
				27EBC5B32B818E5300F769B1 /* Networking */,
				278E36772B8E895700EAEC55 /* Flow */,
			);
			productName = JobApp;
			productReference = 271204362B81584D00F618DB /* JobApp.app */;
			productType = "com.apple.product-type.application";
		};
/* End PBXNativeTarget section */

/* Begin PBXProject section */
		271204182B81556C00F618DB /* Project object */ = {
			isa = PBXProject;
			attributes = {
				BuildIndependentTargetsInParallel = 1;
				LastSwiftUpdateCheck = 1520;
				LastUpgradeCheck = 1520;
				TargetAttributes = {
					271204352B81584D00F618DB = {
						CreatedOnToolsVersion = 15.2;
					};
				};
			};
			buildConfigurationList = 2712041B2B81556C00F618DB /* Build configuration list for PBXProject "JobApp" */;
			compatibilityVersion = "Xcode 15.0";
			developmentRegion = en;
			hasScannedForEncodings = 0;
			knownRegions = (
				en,
				fi,
			);
			mainGroup = 271204172B81556C00F618DB;
			packageReferences = (
				278E36762B8E895700EAEC55 /* XCRemoteSwiftPackageReference "SwiftUI-Flow" */,
			);
			productRefGroup = 271204372B81584D00F618DB /* Products */;
			projectDirPath = "";
			projectRoot = "";
			targets = (
				271204352B81584D00F618DB /* JobApp */,
			);
		};
/* End PBXProject section */

/* Begin PBXResourcesBuildPhase section */
		271204342B81584D00F618DB /* Resources */ = {
			isa = PBXResourcesBuildPhase;
			buildActionMask = 2147483647;
			files = (
				27418FC72B8BE2E1004E078E /* Icons.xcassets in Resources */,
				2740DA302B8BD261001E2C4A /* SampleJobs.json in Resources */,
				275297E12B8C079300A8B612 /* Localizable.xcstrings in Resources */,
			);
			runOnlyForDeploymentPostprocessing = 0;
		};
/* End PBXResourcesBuildPhase section */

/* Begin PBXShellScriptBuildPhase section */
		271204462B81630A00F618DB /* Lint */ = {
			isa = PBXShellScriptBuildPhase;
			alwaysOutOfDate = 1;
			buildActionMask = 2147483647;
			files = (
			);
			inputFileListPaths = (
			);
			inputPaths = (
			);
			name = Lint;
			outputFileListPaths = (
			);
			outputPaths = (
			);
			runOnlyForDeploymentPostprocessing = 0;
			shellPath = /bin/sh;
			shellScript = "export PATH=\"$PATH:/opt/homebrew/bin\"\n\nif [[ ! -z \"${CI}\" ]]; then\n\texit 0\nelif which swiftlint >/dev/null; then\n\tswiftlint\nelse\n\techo \"warning: Install SwiftLint from https://github.com/realm/SwiftLint#installation\"\nfi\n";
		};
/* End PBXShellScriptBuildPhase section */

/* Begin PBXSourcesBuildPhase section */
		271204322B81584D00F618DB /* Sources */ = {
			isa = PBXSourcesBuildPhase;
			buildActionMask = 2147483647;
			files = (
				27D601D22B8BED44002CC59D /* JobsViewModel.swift in Sources */,
				27D601D42B8BEDDE002CC59D /* JobList.swift in Sources */,
				2712043A2B81584D00F618DB /* JobApp.swift in Sources */,
				2740DA332B8BD61A001E2C4A /* Configure.swift in Sources */,
				278E36752B8E849300EAEC55 /* FiltersView.swift in Sources */,
				27C829442B8DF35F00D622C6 /* JobApplicationView.swift in Sources */,
				276BF9022B91251500A77A77 /* NoResultsView.swift in Sources */,
				27C829422B8D01DE00D622C6 /* JobView.swift in Sources */,
				27EBC5B62B81905900F769B1 /* Job.swift in Sources */,
				275297E22B8C0BF100A8B612 /* PreviewData.swift in Sources */,
				27D601D72B8BF114002CC59D /* JobListRow.swift in Sources */,
				275297DF2B8BFF6F00A8B612 /* ErrorView.swift in Sources */,
				278E367A2B8E8F9900EAEC55 /* FiltersViewModel.swift in Sources */,
				27EBC5AF2B818C8700F769B1 /* JobService.swift in Sources */,
			);
			runOnlyForDeploymentPostprocessing = 0;
		};
/* End PBXSourcesBuildPhase section */

/* Begin XCBuildConfiguration section */
		2712041C2B81556C00F618DB /* Debug */ = {
			isa = XCBuildConfiguration;
			buildSettings = {
				IPHONEOS_DEPLOYMENT_TARGET = 17.0;
				MACOSX_DEPLOYMENT_TARGET = 14.0;
			};
			name = Debug;
		};
		2712041D2B81556C00F618DB /* Release */ = {
			isa = XCBuildConfiguration;
			buildSettings = {
				IPHONEOS_DEPLOYMENT_TARGET = 17.0;
				MACOSX_DEPLOYMENT_TARGET = 14.0;
			};
			name = Release;
		};
		271204442B81584E00F618DB /* Debug */ = {
			isa = XCBuildConfiguration;
			buildSettings = {
				ALWAYS_SEARCH_USER_PATHS = NO;
				"ASSETCATALOG_COMPILER_APPICON_NAME[sdk=iphoneos*]" = "App-iOS";
				"ASSETCATALOG_COMPILER_APPICON_NAME[sdk=iphonesimulator*]" = "App-iOS";
				"ASSETCATALOG_COMPILER_APPICON_NAME[sdk=macosx*]" = "App-macOS";
				ASSETCATALOG_COMPILER_GENERATE_SWIFT_ASSET_SYMBOL_EXTENSIONS = YES;
				CLANG_ANALYZER_NONNULL = YES;
				CLANG_ANALYZER_NUMBER_OBJECT_CONVERSION = YES_AGGRESSIVE;
				CLANG_CXX_LANGUAGE_STANDARD = "gnu++20";
				CLANG_ENABLE_MODULES = YES;
				CLANG_ENABLE_OBJC_ARC = YES;
				CLANG_ENABLE_OBJC_WEAK = YES;
				CLANG_WARN_BLOCK_CAPTURE_AUTORELEASING = YES;
				CLANG_WARN_BOOL_CONVERSION = YES;
				CLANG_WARN_COMMA = YES;
				CLANG_WARN_CONSTANT_CONVERSION = YES;
				CLANG_WARN_DEPRECATED_OBJC_IMPLEMENTATIONS = YES;
				CLANG_WARN_DIRECT_OBJC_ISA_USAGE = YES_ERROR;
				CLANG_WARN_DOCUMENTATION_COMMENTS = YES;
				CLANG_WARN_EMPTY_BODY = YES;
				CLANG_WARN_ENUM_CONVERSION = YES;
				CLANG_WARN_INFINITE_RECURSION = YES;
				CLANG_WARN_INT_CONVERSION = YES;
				CLANG_WARN_NON_LITERAL_NULL_CONVERSION = YES;
				CLANG_WARN_OBJC_IMPLICIT_RETAIN_SELF = YES;
				CLANG_WARN_OBJC_LITERAL_CONVERSION = YES;
				CLANG_WARN_OBJC_ROOT_CLASS = YES_ERROR;
				CLANG_WARN_QUOTED_INCLUDE_IN_FRAMEWORK_HEADER = YES;
				CLANG_WARN_RANGE_LOOP_ANALYSIS = YES;
				CLANG_WARN_STRICT_PROTOTYPES = YES;
				CLANG_WARN_SUSPICIOUS_MOVE = YES;
				CLANG_WARN_UNGUARDED_AVAILABILITY = YES_AGGRESSIVE;
				CLANG_WARN_UNREACHABLE_CODE = YES;
				CLANG_WARN__DUPLICATE_METHOD_MATCH = YES;
				CODE_SIGN_ENTITLEMENTS = JobApp/Resources/JobApp.entitlements;
				CODE_SIGN_STYLE = Automatic;
				COPY_PHASE_STRIP = NO;
				CURRENT_PROJECT_VERSION = 1;
				DEBUG_INFORMATION_FORMAT = dwarf;
				DEVELOPMENT_TEAM = VSAP3MLLCD;
				ENABLE_HARDENED_RUNTIME = YES;
				ENABLE_PREVIEWS = YES;
				ENABLE_STRICT_OBJC_MSGSEND = YES;
				ENABLE_TESTABILITY = YES;
				GCC_C_LANGUAGE_STANDARD = gnu17;
				GCC_DYNAMIC_NO_PIC = NO;
				GCC_NO_COMMON_BLOCKS = YES;
				GCC_OPTIMIZATION_LEVEL = 0;
				GCC_PREPROCESSOR_DEFINITIONS = (
					"DEBUG=1",
					"$(inherited)",
				);
				GCC_WARN_64_TO_32_BIT_CONVERSION = YES;
				GCC_WARN_ABOUT_RETURN_TYPE = YES_ERROR;
				GCC_WARN_UNDECLARED_SELECTOR = YES;
				GCC_WARN_UNINITIALIZED_AUTOS = YES_AGGRESSIVE;
				GCC_WARN_UNUSED_FUNCTION = YES;
				GCC_WARN_UNUSED_VARIABLE = YES;
				GENERATE_INFOPLIST_FILE = YES;
				INFOPLIST_FILE = JobApp/Resources/Info.plist;
				INFOPLIST_KEY_LSApplicationCategoryType = "public.app-category.productivity";
				"INFOPLIST_KEY_UIApplicationSceneManifest_Generation[sdk=iphoneos*]" = YES;
				"INFOPLIST_KEY_UIApplicationSceneManifest_Generation[sdk=iphonesimulator*]" = YES;
				"INFOPLIST_KEY_UIApplicationSupportsIndirectInputEvents[sdk=iphoneos*]" = YES;
				"INFOPLIST_KEY_UIApplicationSupportsIndirectInputEvents[sdk=iphonesimulator*]" = YES;
				"INFOPLIST_KEY_UILaunchScreen_Generation[sdk=iphoneos*]" = YES;
				"INFOPLIST_KEY_UILaunchScreen_Generation[sdk=iphonesimulator*]" = YES;
				"INFOPLIST_KEY_UIStatusBarStyle[sdk=iphoneos*]" = UIStatusBarStyleDefault;
				"INFOPLIST_KEY_UIStatusBarStyle[sdk=iphonesimulator*]" = UIStatusBarStyleDefault;
				INFOPLIST_KEY_UISupportedInterfaceOrientations_iPad = "UIInterfaceOrientationPortrait UIInterfaceOrientationPortraitUpsideDown UIInterfaceOrientationLandscapeLeft UIInterfaceOrientationLandscapeRight";
				INFOPLIST_KEY_UISupportedInterfaceOrientations_iPhone = "UIInterfaceOrientationPortrait UIInterfaceOrientationLandscapeLeft UIInterfaceOrientationLandscapeRight";
				LD_RUNPATH_SEARCH_PATHS = "@executable_path/Frameworks";
				"LD_RUNPATH_SEARCH_PATHS[sdk=macosx*]" = "@executable_path/../Frameworks";
				LOCALIZATION_PREFERS_STRING_CATALOGS = YES;
				MARKETING_VERSION = 1.0;
				MTL_ENABLE_DEBUG_INFO = INCLUDE_SOURCE;
				MTL_FAST_MATH = YES;
				ONLY_ACTIVE_ARCH = YES;
				PRODUCT_BUNDLE_IDENTIFIER = "com.ootsamo.sci-c1002";
				PRODUCT_NAME = "$(TARGET_NAME)";
				SDKROOT = auto;
				SUPPORTED_PLATFORMS = "iphoneos iphonesimulator macosx";
				SWIFT_ACTIVE_COMPILATION_CONDITIONS = "DEBUG $(inherited)";
				SWIFT_EMIT_LOC_STRINGS = YES;
				SWIFT_OPTIMIZATION_LEVEL = "-Onone";
				SWIFT_VERSION = 5.0;
				TARGETED_DEVICE_FAMILY = "1,2";
			};
			name = Debug;
		};
		271204452B81584E00F618DB /* Release */ = {
			isa = XCBuildConfiguration;
			buildSettings = {
				ALWAYS_SEARCH_USER_PATHS = NO;
				"ASSETCATALOG_COMPILER_APPICON_NAME[sdk=iphoneos*]" = "App-iOS";
				"ASSETCATALOG_COMPILER_APPICON_NAME[sdk=iphonesimulator*]" = "App-iOS";
				"ASSETCATALOG_COMPILER_APPICON_NAME[sdk=macosx*]" = "App-macOS";
				ASSETCATALOG_COMPILER_GENERATE_SWIFT_ASSET_SYMBOL_EXTENSIONS = YES;
				CLANG_ANALYZER_NONNULL = YES;
				CLANG_ANALYZER_NUMBER_OBJECT_CONVERSION = YES_AGGRESSIVE;
				CLANG_CXX_LANGUAGE_STANDARD = "gnu++20";
				CLANG_ENABLE_MODULES = YES;
				CLANG_ENABLE_OBJC_ARC = YES;
				CLANG_ENABLE_OBJC_WEAK = YES;
				CLANG_WARN_BLOCK_CAPTURE_AUTORELEASING = YES;
				CLANG_WARN_BOOL_CONVERSION = YES;
				CLANG_WARN_COMMA = YES;
				CLANG_WARN_CONSTANT_CONVERSION = YES;
				CLANG_WARN_DEPRECATED_OBJC_IMPLEMENTATIONS = YES;
				CLANG_WARN_DIRECT_OBJC_ISA_USAGE = YES_ERROR;
				CLANG_WARN_DOCUMENTATION_COMMENTS = YES;
				CLANG_WARN_EMPTY_BODY = YES;
				CLANG_WARN_ENUM_CONVERSION = YES;
				CLANG_WARN_INFINITE_RECURSION = YES;
				CLANG_WARN_INT_CONVERSION = YES;
				CLANG_WARN_NON_LITERAL_NULL_CONVERSION = YES;
				CLANG_WARN_OBJC_IMPLICIT_RETAIN_SELF = YES;
				CLANG_WARN_OBJC_LITERAL_CONVERSION = YES;
				CLANG_WARN_OBJC_ROOT_CLASS = YES_ERROR;
				CLANG_WARN_QUOTED_INCLUDE_IN_FRAMEWORK_HEADER = YES;
				CLANG_WARN_RANGE_LOOP_ANALYSIS = YES;
				CLANG_WARN_STRICT_PROTOTYPES = YES;
				CLANG_WARN_SUSPICIOUS_MOVE = YES;
				CLANG_WARN_UNGUARDED_AVAILABILITY = YES_AGGRESSIVE;
				CLANG_WARN_UNREACHABLE_CODE = YES;
				CLANG_WARN__DUPLICATE_METHOD_MATCH = YES;
				CODE_SIGN_ENTITLEMENTS = JobApp/Resources/JobApp.entitlements;
				CODE_SIGN_STYLE = Automatic;
				COPY_PHASE_STRIP = NO;
				CURRENT_PROJECT_VERSION = 1;
				DEBUG_INFORMATION_FORMAT = "dwarf-with-dsym";
				DEVELOPMENT_TEAM = VSAP3MLLCD;
				ENABLE_HARDENED_RUNTIME = YES;
				ENABLE_NS_ASSERTIONS = NO;
				ENABLE_PREVIEWS = YES;
				ENABLE_STRICT_OBJC_MSGSEND = YES;
				GCC_C_LANGUAGE_STANDARD = gnu17;
				GCC_NO_COMMON_BLOCKS = YES;
				GCC_WARN_64_TO_32_BIT_CONVERSION = YES;
				GCC_WARN_ABOUT_RETURN_TYPE = YES_ERROR;
				GCC_WARN_UNDECLARED_SELECTOR = YES;
				GCC_WARN_UNINITIALIZED_AUTOS = YES_AGGRESSIVE;
				GCC_WARN_UNUSED_FUNCTION = YES;
				GCC_WARN_UNUSED_VARIABLE = YES;
				GENERATE_INFOPLIST_FILE = YES;
				INFOPLIST_FILE = JobApp/Resources/Info.plist;
				INFOPLIST_KEY_LSApplicationCategoryType = "public.app-category.productivity";
				"INFOPLIST_KEY_UIApplicationSceneManifest_Generation[sdk=iphoneos*]" = YES;
				"INFOPLIST_KEY_UIApplicationSceneManifest_Generation[sdk=iphonesimulator*]" = YES;
				"INFOPLIST_KEY_UIApplicationSupportsIndirectInputEvents[sdk=iphoneos*]" = YES;
				"INFOPLIST_KEY_UIApplicationSupportsIndirectInputEvents[sdk=iphonesimulator*]" = YES;
				"INFOPLIST_KEY_UILaunchScreen_Generation[sdk=iphoneos*]" = YES;
				"INFOPLIST_KEY_UILaunchScreen_Generation[sdk=iphonesimulator*]" = YES;
				"INFOPLIST_KEY_UIStatusBarStyle[sdk=iphoneos*]" = UIStatusBarStyleDefault;
				"INFOPLIST_KEY_UIStatusBarStyle[sdk=iphonesimulator*]" = UIStatusBarStyleDefault;
				INFOPLIST_KEY_UISupportedInterfaceOrientations_iPad = "UIInterfaceOrientationPortrait UIInterfaceOrientationPortraitUpsideDown UIInterfaceOrientationLandscapeLeft UIInterfaceOrientationLandscapeRight";
				INFOPLIST_KEY_UISupportedInterfaceOrientations_iPhone = "UIInterfaceOrientationPortrait UIInterfaceOrientationLandscapeLeft UIInterfaceOrientationLandscapeRight";
				LD_RUNPATH_SEARCH_PATHS = "@executable_path/Frameworks";
				"LD_RUNPATH_SEARCH_PATHS[sdk=macosx*]" = "@executable_path/../Frameworks";
				LOCALIZATION_PREFERS_STRING_CATALOGS = YES;
				MARKETING_VERSION = 1.0;
				MTL_ENABLE_DEBUG_INFO = NO;
				MTL_FAST_MATH = YES;
				PRODUCT_BUNDLE_IDENTIFIER = "com.ootsamo.sci-c1002";
				PRODUCT_NAME = "$(TARGET_NAME)";
				SDKROOT = auto;
				SUPPORTED_PLATFORMS = "iphoneos iphonesimulator macosx";
				SWIFT_COMPILATION_MODE = wholemodule;
				SWIFT_EMIT_LOC_STRINGS = YES;
				SWIFT_VERSION = 5.0;
				TARGETED_DEVICE_FAMILY = "1,2";
			};
			name = Release;
		};
/* End XCBuildConfiguration section */

/* Begin XCConfigurationList section */
		2712041B2B81556C00F618DB /* Build configuration list for PBXProject "JobApp" */ = {
			isa = XCConfigurationList;
			buildConfigurations = (
				2712041C2B81556C00F618DB /* Debug */,
				2712041D2B81556C00F618DB /* Release */,
			);
			defaultConfigurationIsVisible = 0;
			defaultConfigurationName = Release;
		};
		271204432B81584E00F618DB /* Build configuration list for PBXNativeTarget "JobApp" */ = {
			isa = XCConfigurationList;
			buildConfigurations = (
				271204442B81584E00F618DB /* Debug */,
				271204452B81584E00F618DB /* Release */,
			);
			defaultConfigurationIsVisible = 0;
			defaultConfigurationName = Release;
		};
/* End XCConfigurationList section */

/* Begin XCRemoteSwiftPackageReference section */
		278E36762B8E895700EAEC55 /* XCRemoteSwiftPackageReference "SwiftUI-Flow" */ = {
			isa = XCRemoteSwiftPackageReference;
			repositoryURL = "git@github.com:tevelee/SwiftUI-Flow";
			requirement = {
				kind = upToNextMajorVersion;
				minimumVersion = 1.2.0;
			};
		};
/* End XCRemoteSwiftPackageReference section */

/* Begin XCSwiftPackageProductDependency section */
		278E36772B8E895700EAEC55 /* Flow */ = {
			isa = XCSwiftPackageProductDependency;
			package = 278E36762B8E895700EAEC55 /* XCRemoteSwiftPackageReference "SwiftUI-Flow" */;
			productName = Flow;
		};
		27EBC5B32B818E5300F769B1 /* Networking */ = {
			isa = XCSwiftPackageProductDependency;
			productName = Networking;
		};
/* End XCSwiftPackageProductDependency section */
	};
	rootObject = 271204182B81556C00F618DB /* Project object */;
}
